{
  "originHash" : "437b7f35ef1c5099423c412390d43eac295007e251412e7d22af420761bc43b4",
  "pins" : [
    {
      "identity" : "snapkit?tab=readme-ov-file#installation",
      "kind" : "remoteSourceControl",
      "location" : "https://github.com/SnapKit/SnapKit?tab=readme-ov-file#installation",
      "state" : {
        "revision" : "2842e6e84e82eb9a8dac0100ca90d9444b0307f4",
        "version" : "5.7.1"
      }
    }
  ],
  "version" : 3
}
