// !$*UTF8*$!
{
	archiveVersion = 1;
	classes = {
	};
	objectVersion = 56;
	objects = {

/* Begin PBXBuildFile section */
		5998456B2CF4DF4B00620B44 /* AppDelegate.swift in Sources */ = {isa = PBXBuildFile; fileRef = 5998456A2CF4DF4B00620B44 /* AppDelegate.swift */; };
		5998456D2CF4DF4B00620B44 /* SceneDelegate.swift in Sources */ = {isa = PBXBuildFile; fileRef = 5998456C2CF4DF4B00620B44 /* SceneDelegate.swift */; };
		5998456F2CF4DF4B00620B44 /* ViewController.swift in Sources */ = {isa = PBXBuildFile; fileRef = 5998456E2CF4DF4B00620B44 /* ViewController.swift */; };
		599845722CF4DF4B00620B44 /* Base in Resources */ = {isa = PBXBuildFile; fileRef = 599845712CF4DF4B00620B44 /* Base */; };
		599845742CF4DF4E00620B44 /* Assets.xcassets in Resources */ = {isa = PBXBuildFile; fileRef = 599845732CF4DF4E00620B44 /* Assets.xcassets */; };
		599845772CF4DF4E00620B44 /* Base in Resources */ = {isa = PBXBuildFile; fileRef = 599845762CF4DF4E00620B44 /* Base */; };
		599845822CF4DF4E00620B44 /* Practice_7stTests.swift in Sources */ = {isa = PBXBuildFile; fileRef = 599845812CF4DF4E00620B44 /* Practice_7stTests.swift */; };
		5998458C2CF4DF4E00620B44 /* Practice_7stUITests.swift in Sources */ = {isa = PBXBuildFile; fileRef = 5998458B2CF4DF4E00620B44 /* Practice_7stUITests.swift */; };
		5998458E2CF4DF4E00620B44 /* Practice_7stUITestsLaunchTests.swift in Sources */ = {isa = PBXBuildFile; fileRef = 5998458D2CF4DF4E00620B44 /* Practice_7stUITestsLaunchTests.swift */; };
/* End PBXBuildFile section */

/* Begin PBXContainerItemProxy section */
		5998457E2CF4DF4E00620B44 /* PBXContainerItemProxy */ = {
			isa = PBXContainerItemProxy;
			containerPortal = 5998455F2CF4DF4B00620B44 /* Project object */;
			proxyType = 1;
			remoteGlobalIDString = 599845662CF4DF4B00620B44;
			remoteInfo = Practice_7st;
		};
		599845882CF4DF4E00620B44 /* PBXContainerItemProxy */ = {
			isa = PBXContainerItemProxy;
			containerPortal = 5998455F2CF4DF4B00620B44 /* Project object */;
			proxyType = 1;
			remoteGlobalIDString = 599845662CF4DF4B00620B44;
			remoteInfo = Practice_7st;
		};
/* End PBXContainerItemProxy section */

/* Begin PBXFileReference section */
		599845672CF4DF4B00620B44 /* Practice_7st.app */ = {isa = PBXFileReference; explicitFileType = wrapper.application; includeInIndex = 0; path = Practice_7st.app; sourceTree = BUILT_PRODUCTS_DIR; };
		5998456A2CF4DF4B00620B44 /* AppDelegate.swift */ = {isa = PBXFileReference; lastKnownFileType = sourcecode.swift; path = AppDelegate.swift; sourceTree = "<group>"; };
		5998456C2CF4DF4B00620B44 /* SceneDelegate.swift */ = {isa = PBXFileReference; lastKnownFileType = sourcecode.swift; path = SceneDelegate.swift; sourceTree = "<group>"; };
		5998456E2CF4DF4B00620B44 /* ViewController.swift */ = {isa = PBXFileReference; lastKnownFileType = sourcecode.swift; path = ViewController.swift; sourceTree = "<group>"; };
		599845712CF4DF4B00620B44 /* Base */ = {isa = PBXFileReference; lastKnownFileType = file.storyboard; name = Base; path = Base.lproj/Main.storyboard; sourceTree = "<group>"; };
		599845732CF4DF4E00620B44 /* Assets.xcassets */ = {isa = PBXFileReference; lastKnownFileType = folder.assetcatalog; path = Assets.xcassets; sourceTree = "<group>"; };
		599845762CF4DF4E00620B44 /* Base */ = {isa = PBXFileReference; lastKnownFileType = file.storyboard; name = Base; path = Base.lproj/LaunchScreen.storyboard; sourceTree = "<group>"; };
		599845782CF4DF4E00620B44 /* Info.plist */ = {isa = PBXFileReference; lastKnownFileType = text.plist.xml; path = Info.plist; sourceTree = "<group>"; };
		5998457D2CF4DF4E00620B44 /* Practice_7stTests.xctest */ = {isa = PBXFileReference; explicitFileType = wrapper.cfbundle; includeInIndex = 0; path = Practice_7stTests.xctest; sourceTree = BUILT_PRODUCTS_DIR; };
		599845812CF4DF4E00620B44 /* Practice_7stTests.swift */ = {isa = PBXFileReference; lastKnownFileType = sourcecode.swift; path = Practice_7stTests.swift; sourceTree = "<group>"; };
		599845872CF4DF4E00620B44 /* Practice_7stUITests.xctest */ = {isa = PBXFileReference; explicitFileType = wrapper.cfbundle; includeInIndex = 0; path = Practice_7stUITests.xctest; sourceTree = BUILT_PRODUCTS_DIR; };
		5998458B2CF4DF4E00620B44 /* Practice_7stUITests.swift */ = {isa = PBXFileReference; lastKnownFileType = sourcecode.swift; path = Practice_7stUITests.swift; sourceTree = "<group>"; };
		5998458D2CF4DF4E00620B44 /* Practice_7stUITestsLaunchTests.swift */ = {isa = PBXFileReference; lastKnownFileType = sourcecode.swift; path = Practice_7stUITestsLaunchTests.swift; sourceTree = "<group>"; };
/* End PBXFileReference section */

/* Begin PBXFrameworksBuildPhase section */
		599845642CF4DF4B00620B44 /* Frameworks */ = {
			isa = PBXFrameworksBuildPhase;
			buildActionMask = 2147483647;
			files = (
			);
			runOnlyForDeploymentPostprocessing = 0;
		};
		5998457A2CF4DF4E00620B44 /* Frameworks */ = {
			isa = PBXFrameworksBuildPhase;
			buildActionMask = 2147483647;
			files = (
			);
			runOnlyForDeploymentPostprocessing = 0;
		};
		599845842CF4DF4E00620B44 /* Frameworks */ = {
			isa = PBXFrameworksBuildPhase;
			buildActionMask = 2147483647;
			files = (
			);
			runOnlyForDeploymentPostprocessing = 0;
		};
/* End PBXFrameworksBuildPhase section */

/* Begin PBXGroup section */
		5998455E2CF4DF4B00620B44 = {
			isa = PBXGroup;
			children = (
				599845692CF4DF4B00620B44 /* Practice_7st */,
				599845802CF4DF4E00620B44 /* Practice_7stTests */,
				5998458A2CF4DF4E00620B44 /* Practice_7stUITests */,
				599845682CF4DF4B00620B44 /* Products */,
			);
			sourceTree = "<group>";
		};
		599845682CF4DF4B00620B44 /* Products */ = {
			isa = PBXGroup;
			children = (
				599845672CF4DF4B00620B44 /* Practice_7st.app */,
				5998457D2CF4DF4E00620B44 /* Practice_7stTests.xctest */,
				599845872CF4DF4E00620B44 /* Practice_7stUITests.xctest */,
			);
			name = Products;
			sourceTree = "<group>";
		};
		599845692CF4DF4B00620B44 /* Practice_7st */ = {
			isa = PBXGroup;
			children = (
				5998456A2CF4DF4B00620B44 /* AppDelegate.swift */,
				5998456C2CF4DF4B00620B44 /* SceneDelegate.swift */,
				5998456E2CF4DF4B00620B44 /* ViewController.swift */,
				599845702CF4DF4B00620B44 /* Main.storyboard */,
				599845732CF4DF4E00620B44 /* Assets.xcassets */,
				599845752CF4DF4E00620B44 /* LaunchScreen.storyboard */,
				599845782CF4DF4E00620B44 /* Info.plist */,
			);
			path = Practice_7st;
			sourceTree = "<group>";
		};
		599845802CF4DF4E00620B44 /* Practice_7stTests */ = {
			isa = PBXGroup;
			children = (
				599845812CF4DF4E00620B44 /* Practice_7stTests.swift */,
			);
			path = Practice_7stTests;
			sourceTree = "<group>";
		};
		5998458A2CF4DF4E00620B44 /* Practice_7stUITests */ = {
			isa = PBXGroup;
			children = (
				5998458B2CF4DF4E00620B44 /* Practice_7stUITests.swift */,
				5998458D2CF4DF4E00620B44 /* Practice_7stUITestsLaunchTests.swift */,
			);
			path = Practice_7stUITests;
			sourceTree = "<group>";
		};
/* End PBXGroup section */

/* Begin PBXNativeTarget section */
		599845662CF4DF4B00620B44 /* Practice_7st */ = {
			isa = PBXNativeTarget;
			buildConfigurationList = 599845912CF4DF4E00620B44 /* Build configuration list for PBXNativeTarget "Practice_7st" */;
			buildPhases = (
				599845632CF4DF4B00620B44 /* Sources */,
				599845642CF4DF4B00620B44 /* Frameworks */,
				599845652CF4DF4B00620B44 /* Resources */,
			);
			buildRules = (
			);
			dependencies = (
			);
			name = Practice_7st;
			productName = Practice_7st;
			productReference = 599845672CF4DF4B00620B44 /* Practice_7st.app */;
			productType = "com.apple.product-type.application";
		};
		5998457C2CF4DF4E00620B44 /* Practice_7stTests */ = {
			isa = PBXNativeTarget;
			buildConfigurationList = 599845942CF4DF4E00620B44 /* Build configuration list for PBXNativeTarget "Practice_7stTests" */;
			buildPhases = (
				599845792CF4DF4E00620B44 /* Sources */,
				5998457A2CF4DF4E00620B44 /* Frameworks */,
				5998457B2CF4DF4E00620B44 /* Resources */,
			);
			buildRules = (
			);
			dependencies = (
				5998457F2CF4DF4E00620B44 /* PBXTargetDependency */,
			);
			name = Practice_7stTests;
			productName = Practice_7stTests;
			productReference = 5998457D2CF4DF4E00620B44 /* Practice_7stTests.xctest */;
			productType = "com.apple.product-type.bundle.unit-test";
		};
		599845862CF4DF4E00620B44 /* Practice_7stUITests */ = {
			isa = PBXNativeTarget;
			buildConfigurationList = 599845972CF4DF4E00620B44 /* Build configuration list for PBXNativeTarget "Practice_7stUITests" */;
			buildPhases = (
				599845832CF4DF4E00620B44 /* Sources */,
				599845842CF4DF4E00620B44 /* Frameworks */,
				599845852CF4DF4E00620B44 /* Resources */,
			);
			buildRules = (
			);
			dependencies = (
				599845892CF4DF4E00620B44 /* PBXTargetDependency */,
			);
			name = Practice_7stUITests;
			productName = Practice_7stUITests;
			productReference = 599845872CF4DF4E00620B44 /* Practice_7stUITests.xctest */;
			productType = "com.apple.product-type.bundle.ui-testing";
		};
/* End PBXNativeTarget section */

/* Begin PBXProject section */
		5998455F2CF4DF4B00620B44 /* Project object */ = {
			isa = PBXProject;
			attributes = {
				BuildIndependentTargetsInParallel = 1;
				LastSwiftUpdateCheck = 1540;
				LastUpgradeCheck = 1540;
				TargetAttributes = {
					599845662CF4DF4B00620B44 = {
						CreatedOnToolsVersion = 15.4;
					};
					5998457C2CF4DF4E00620B44 = {
						CreatedOnToolsVersion = 15.4;
						TestTargetID = 599845662CF4DF4B00620B44;
					};
					599845862CF4DF4E00620B44 = {
						CreatedOnToolsVersion = 15.4;
						TestTargetID = 599845662CF4DF4B00620B44;
					};
				};
			};
			buildConfigurationList = 599845622CF4DF4B00620B44 /* Build configuration list for PBXProject "Practice_7st" */;
			compatibilityVersion = "Xcode 14.0";
			developmentRegion = en;
			hasScannedForEncodings = 0;
			knownRegions = (
				en,
				Base,
			);
			mainGroup = 5998455E2CF4DF4B00620B44;
			productRefGroup = 599845682CF4DF4B00620B44 /* Products */;
			projectDirPath = "";
			projectRoot = "";
			targets = (
				599845662CF4DF4B00620B44 /* Practice_7st */,
				5998457C2CF4DF4E00620B44 /* Practice_7stTests */,
				599845862CF4DF4E00620B44 /* Practice_7stUITests */,
			);
		};
/* End PBXProject section */

/* Begin PBXResourcesBuildPhase section */
		599845652CF4DF4B00620B44 /* Resources */ = {
			isa = PBXResourcesBuildPhase;
			buildActionMask = 2147483647;
			files = (
				599845742CF4DF4E00620B44 /* Assets.xcassets in Resources */,
				599845772CF4DF4E00620B44 /* Base in Resources */,
				599845722CF4DF4B00620B44 /* Base in Resources */,
			);
			runOnlyForDeploymentPostprocessing = 0;
		};
		5998457B2CF4DF4E00620B44 /* Resources */ = {
			isa = PBXResourcesBuildPhase;
			buildActionMask = 2147483647;
			files = (
			);
			runOnlyForDeploymentPostprocessing = 0;
		};
		599845852CF4DF4E00620B44 /* Resources */ = {
			isa = PBXResourcesBuildPhase;
			buildActionMask = 2147483647;
			files = (
			);
			runOnlyForDeploymentPostprocessing = 0;
		};
/* End PBXResourcesBuildPhase section */

/* Begin PBXSourcesBuildPhase section */
		599845632CF4DF4B00620B44 /* Sources */ = {
			isa = PBXSourcesBuildPhase;
			buildActionMask = 2147483647;
			files = (
				5998456F2CF4DF4B00620B44 /* ViewController.swift in Sources */,
				5998456B2CF4DF4B00620B44 /* AppDelegate.swift in Sources */,
				5998456D2CF4DF4B00620B44 /* SceneDelegate.swift in Sources */,
			);
			runOnlyForDeploymentPostprocessing = 0;
		};
		599845792CF4DF4E00620B44 /* Sources */ = {
			isa = PBXSourcesBuildPhase;
			buildActionMask = 2147483647;
			files = (
				599845822CF4DF4E00620B44 /* Practice_7stTests.swift in Sources */,
			);
			runOnlyForDeploymentPostprocessing = 0;
		};
		599845832CF4DF4E00620B44 /* Sources */ = {
			isa = PBXSourcesBuildPhase;
			buildActionMask = 2147483647;
			files = (
				5998458E2CF4DF4E00620B44 /* Practice_7stUITestsLaunchTests.swift in Sources */,
				5998458C2CF4DF4E00620B44 /* Practice_7stUITests.swift in Sources */,
			);
			runOnlyForDeploymentPostprocessing = 0;
		};
/* End PBXSourcesBuildPhase section */

/* Begin PBXTargetDependency section */
		5998457F2CF4DF4E00620B44 /* PBXTargetDependency */ = {
			isa = PBXTargetDependency;
			target = 599845662CF4DF4B00620B44 /* Practice_7st */;
			targetProxy = 5998457E2CF4DF4E00620B44 /* PBXContainerItemProxy */;
		};
		599845892CF4DF4E00620B44 /* PBXTargetDependency */ = {
			isa = PBXTargetDependency;
			target = 599845662CF4DF4B00620B44 /* Practice_7st */;
			targetProxy = 599845882CF4DF4E00620B44 /* PBXContainerItemProxy */;
		};
/* End PBXTargetDependency section */

/* Begin PBXVariantGroup section */
		599845702CF4DF4B00620B44 /* Main.storyboard */ = {
			isa = PBXVariantGroup;
			children = (
				599845712CF4DF4B00620B44 /* Base */,
			);
			name = Main.storyboard;
			sourceTree = "<group>";
		};
		599845752CF4DF4E00620B44 /* LaunchScreen.storyboard */ = {
			isa = PBXVariantGroup;
			children = (
				599845762CF4DF4E00620B44 /* Base */,
			);
			name = LaunchScreen.storyboard;
			sourceTree = "<group>";
		};
/* End PBXVariantGroup section */

/* Begin XCBuildConfiguration section */
		5998458F2CF4DF4E00620B44 /* Debug */ = {
			isa = XCBuildConfiguration;
			buildSettings = {
				ALWAYS_SEARCH_USER_PATHS = NO;
				ASSETCATALOG_COMPILER_GENERATE_SWIFT_ASSET_SYMBOL_EXTENSIONS = YES;
				CLANG_ANALYZER_NONNULL = YES;
				CLANG_ANALYZER_NUMBER_OBJECT_CONVERSION = YES_AGGRESSIVE;
				CLANG_CXX_LANGUAGE_STANDARD = "gnu++20";
				CLANG_ENABLE_MODULES = YES;
				CLANG_ENABLE_OBJC_ARC = YES;
				CLANG_ENABLE_OBJC_WEAK = YES;
				CLANG_WARN_BLOCK_CAPTURE_AUTORELEASING = YES;
				CLANG_WARN_BOOL_CONVERSION = YES;
				CLANG_WARN_COMMA = YES;
				CLANG_WARN_CONSTANT_CONVERSION = YES;
				CLANG_WARN_DEPRECATED_OBJC_IMPLEMENTATIONS = YES;
				CLANG_WARN_DIRECT_OBJC_ISA_USAGE = YES_ERROR;
				CLANG_WARN_DOCUMENTATION_COMMENTS = YES;
				CLANG_WARN_EMPTY_BODY = YES;
				CLANG_WARN_ENUM_CONVERSION = YES;
				CLANG_WARN_INFINITE_RECURSION = YES;
				CLANG_WARN_INT_CONVERSION = YES;
				CLANG_WARN_NON_LITERAL_NULL_CONVERSION = YES;
				CLANG_WARN_OBJC_IMPLICIT_RETAIN_SELF = YES;
				CLANG_WARN_OBJC_LITERAL_CONVERSION = YES;
				CLANG_WARN_OBJC_ROOT_CLASS = YES_ERROR;
				CLANG_WARN_QUOTED_INCLUDE_IN_FRAMEWORK_HEADER = YES;
				CLANG_WARN_RANGE_LOOP_ANALYSIS = YES;
				CLANG_WARN_STRICT_PROTOTYPES = YES;
				CLANG_WARN_SUSPICIOUS_MOVE = YES;
				CLANG_WARN_UNGUARDED_AVAILABILITY = YES_AGGRESSIVE;
				CLANG_WARN_UNREACHABLE_CODE = YES;
				CLANG_WARN__DUPLICATE_METHOD_MATCH = YES;
				COPY_PHASE_STRIP = NO;
				DEBUG_INFORMATION_FORMAT = dwarf;
				ENABLE_STRICT_OBJC_MSGSEND = YES;
				ENABLE_TESTABILITY = YES;
				ENABLE_USER_SCRIPT_SANDBOXING = YES;
				GCC_C_LANGUAGE_STANDARD = gnu17;
				GCC_DYNAMIC_NO_PIC = NO;
				GCC_NO_COMMON_BLOCKS = YES;
				GCC_OPTIMIZATION_LEVEL = 0;
				GCC_PREPROCESSOR_DEFINITIONS = (
					"DEBUG=1",
					"$(inherited)",
				);
				GCC_WARN_64_TO_32_BIT_CONVERSION = YES;
				GCC_WARN_ABOUT_RETURN_TYPE = YES_ERROR;
				GCC_WARN_UNDECLARED_SELECTOR = YES;
				GCC_WARN_UNINITIALIZED_AUTOS = YES_AGGRESSIVE;
				GCC_WARN_UNUSED_FUNCTION = YES;
				GCC_WARN_UNUSED_VARIABLE = YES;
				IPHONEOS_DEPLOYMENT_TARGET = 17.5;
				LOCALIZATION_PREFERS_STRING_CATALOGS = YES;
				MTL_ENABLE_DEBUG_INFO = INCLUDE_SOURCE;
				MTL_FAST_MATH = YES;
				ONLY_ACTIVE_ARCH = YES;
				SDKROOT = iphoneos;
				SWIFT_ACTIVE_COMPILATION_CONDITIONS = "DEBUG $(inherited)";
				SWIFT_OPTIMIZATION_LEVEL = "-Onone";
			};
			name = Debug;
		};
		599845902CF4DF4E00620B44 /* Release */ = {
			isa = XCBuildConfiguration;
			buildSettings = {
				ALWAYS_SEARCH_USER_PATHS = NO;
				ASSETCATALOG_COMPILER_GENERATE_SWIFT_ASSET_SYMBOL_EXTENSIONS = YES;
				CLANG_ANALYZER_NONNULL = YES;
				CLANG_ANALYZER_NUMBER_OBJECT_CONVERSION = YES_AGGRESSIVE;
				CLANG_CXX_LANGUAGE_STANDARD = "gnu++20";
				CLANG_ENABLE_MODULES = YES;
				CLANG_ENABLE_OBJC_ARC = YES;
				CLANG_ENABLE_OBJC_WEAK = YES;
				CLANG_WARN_BLOCK_CAPTURE_AUTORELEASING = YES;
				CLANG_WARN_BOOL_CONVERSION = YES;
				CLANG_WARN_COMMA = YES;
				CLANG_WARN_CONSTANT_CONVERSION = YES;
				CLANG_WARN_DEPRECATED_OBJC_IMPLEMENTATIONS = YES;
				CLANG_WARN_DIRECT_OBJC_ISA_USAGE = YES_ERROR;
				CLANG_WARN_DOCUMENTATION_COMMENTS = YES;
				CLANG_WARN_EMPTY_BODY = YES;
				CLANG_WARN_ENUM_CONVERSION = YES;
				CLANG_WARN_INFINITE_RECURSION = YES;
				CLANG_WARN_INT_CONVERSION = YES;
				CLANG_WARN_NON_LITERAL_NULL_CONVERSION = YES;
				CLANG_WARN_OBJC_IMPLICIT_RETAIN_SELF = YES;
				CLANG_WARN_OBJC_LITERAL_CONVERSION = YES;
				CLANG_WARN_OBJC_ROOT_CLASS = YES_ERROR;
				CLANG_WARN_QUOTED_INCLUDE_IN_FRAMEWORK_HEADER = YES;
				CLANG_WARN_RANGE_LOOP_ANALYSIS = YES;
				CLANG_WARN_STRICT_PROTOTYPES = YES;
				CLANG_WARN_SUSPICIOUS_MOVE = YES;
				CLANG_WARN_UNGUARDED_AVAILABILITY = YES_AGGRESSIVE;
				CLANG_WARN_UNREACHABLE_CODE = YES;
				CLANG_WARN__DUPLICATE_METHOD_MATCH = YES;
				COPY_PHASE_STRIP = NO;
				DEBUG_INFORMATION_FORMAT = "dwarf-with-dsym";
				ENABLE_NS_ASSERTIONS = NO;
				ENABLE_STRICT_OBJC_MSGSEND = YES;
				ENABLE_USER_SCRIPT_SANDBOXING = YES;
				GCC_C_LANGUAGE_STANDARD = gnu17;
				GCC_NO_COMMON_BLOCKS = YES;
				GCC_WARN_64_TO_32_BIT_CONVERSION = YES;
				GCC_WARN_ABOUT_RETURN_TYPE = YES_ERROR;
				GCC_WARN_UNDECLARED_SELECTOR = YES;
				GCC_WARN_UNINITIALIZED_AUTOS = YES_AGGRESSIVE;
				GCC_WARN_UNUSED_FUNCTION = YES;
				GCC_WARN_UNUSED_VARIABLE = YES;
				IPHONEOS_DEPLOYMENT_TARGET = 17.5;
				LOCALIZATION_PREFERS_STRING_CATALOGS = YES;
				MTL_ENABLE_DEBUG_INFO = NO;
				MTL_FAST_MATH = YES;
				SDKROOT = iphoneos;
				SWIFT_COMPILATION_MODE = wholemodule;
				VALIDATE_PRODUCT = YES;
			};
			name = Release;
		};
		599845922CF4DF4E00620B44 /* Debug */ = {
			isa = XCBuildConfiguration;
			buildSettings = {
				ASSETCATALOG_COMPILER_APPICON_NAME = AppIcon;
				ASSETCATALOG_COMPILER_GLOBAL_ACCENT_COLOR_NAME = AccentColor;
				CODE_SIGN_STYLE = Automatic;
				CURRENT_PROJECT_VERSION = 1;
				GENERATE_INFOPLIST_FILE = YES;
				INFOPLIST_FILE = Practice_7st/Info.plist;
				INFOPLIST_KEY_UIApplicationSupportsIndirectInputEvents = YES;
				INFOPLIST_KEY_UILaunchStoryboardName = LaunchScreen;
				INFOPLIST_KEY_UIMainStoryboardFile = Main;
				INFOPLIST_KEY_UISupportedInterfaceOrientations_iPad = "UIInterfaceOrientationPortrait UIInterfaceOrientationPortraitUpsideDown UIInterfaceOrientationLandscapeLeft UIInterfaceOrientationLandscapeRight";
				INFOPLIST_KEY_UISupportedInterfaceOrientations_iPhone = "UIInterfaceOrientationPortrait UIInterfaceOrientationLandscapeLeft UIInterfaceOrientationLandscapeRight";
				LD_RUNPATH_SEARCH_PATHS = (
					"$(inherited)",
					"@executable_path/Frameworks",
				);
				MARKETING_VERSION = 1.0;
				PRODUCT_BUNDLE_IDENTIFIER = "com.umc.Practice-7st";
				PRODUCT_NAME = "$(TARGET_NAME)";
				SWIFT_EMIT_LOC_STRINGS = YES;
				SWIFT_VERSION = 5.0;
				TARGETED_DEVICE_FAMILY = "1,2";
			};
			name = Debug;
		};
		599845932CF4DF4E00620B44 /* Release */ = {
			isa = XCBuildConfiguration;
			buildSettings = {
				ASSETCATALOG_COMPILER_APPICON_NAME = AppIcon;
				ASSETCATALOG_COMPILER_GLOBAL_ACCENT_COLOR_NAME = AccentColor;
				CODE_SIGN_STYLE = Automatic;
				CURRENT_PROJECT_VERSION = 1;
				GENERATE_INFOPLIST_FILE = YES;
				INFOPLIST_FILE = Practice_7st/Info.plist;
				INFOPLIST_KEY_UIApplicationSupportsIndirectInputEvents = YES;
				INFOPLIST_KEY_UILaunchStoryboardName = LaunchScreen;
				INFOPLIST_KEY_UIMainStoryboardFile = Main;
				INFOPLIST_KEY_UISupportedInterfaceOrientations_iPad = "UIInterfaceOrientationPortrait UIInterfaceOrientationPortraitUpsideDown UIInterfaceOrientationLandscapeLeft UIInterfaceOrientationLandscapeRight";
				INFOPLIST_KEY_UISupportedInterfaceOrientations_iPhone = "UIInterfaceOrientationPortrait UIInterfaceOrientationLandscapeLeft UIInterfaceOrientationLandscapeRight";
				LD_RUNPATH_SEARCH_PATHS = (
					"$(inherited)",
					"@executable_path/Frameworks",
				);
				MARKETING_VERSION = 1.0;
				PRODUCT_BUNDLE_IDENTIFIER = "com.umc.Practice-7st";
				PRODUCT_NAME = "$(TARGET_NAME)";
				SWIFT_EMIT_LOC_STRINGS = YES;
				SWIFT_VERSION = 5.0;
				TARGETED_DEVICE_FAMILY = "1,2";
			};
			name = Release;
		};
		599845952CF4DF4E00620B44 /* Debug */ = {
			isa = XCBuildConfiguration;
			buildSettings = {
				ALWAYS_EMBED_SWIFT_STANDARD_LIBRARIES = YES;
				BUNDLE_LOADER = "$(TEST_HOST)";
				CODE_SIGN_STYLE = Automatic;
				CURRENT_PROJECT_VERSION = 1;
				GENERATE_INFOPLIST_FILE = YES;
				IPHONEOS_DEPLOYMENT_TARGET = 17.5;
				MARKETING_VERSION = 1.0;
				PRODUCT_BUNDLE_IDENTIFIER = "com.umc.Practice-7stTests";
				PRODUCT_NAME = "$(TARGET_NAME)";
				SWIFT_EMIT_LOC_STRINGS = NO;
				SWIFT_VERSION = 5.0;
				TARGETED_DEVICE_FAMILY = "1,2";
				TEST_HOST = "$(BUILT_PRODUCTS_DIR)/Practice_7st.app/$(BUNDLE_EXECUTABLE_FOLDER_PATH)/Practice_7st";
			};
			name = Debug;
		};
		599845962CF4DF4E00620B44 /* Release */ = {
			isa = XCBuildConfiguration;
			buildSettings = {
				ALWAYS_EMBED_SWIFT_STANDARD_LIBRARIES = YES;
				BUNDLE_LOADER = "$(TEST_HOST)";
				CODE_SIGN_STYLE = Automatic;
				CURRENT_PROJECT_VERSION = 1;
				GENERATE_INFOPLIST_FILE = YES;
				IPHONEOS_DEPLOYMENT_TARGET = 17.5;
				MARKETING_VERSION = 1.0;
				PRODUCT_BUNDLE_IDENTIFIER = "com.umc.Practice-7stTests";
				PRODUCT_NAME = "$(TARGET_NAME)";
				SWIFT_EMIT_LOC_STRINGS = NO;
				SWIFT_VERSION = 5.0;
				TARGETED_DEVICE_FAMILY = "1,2";
				TEST_HOST = "$(BUILT_PRODUCTS_DIR)/Practice_7st.app/$(BUNDLE_EXECUTABLE_FOLDER_PATH)/Practice_7st";
			};
			name = Release;
		};
		599845982CF4DF4E00620B44 /* Debug */ = {
			isa = XCBuildConfiguration;
			buildSettings = {
				ALWAYS_EMBED_SWIFT_STANDARD_LIBRARIES = YES;
				CODE_SIGN_STYLE = Automatic;
				CURRENT_PROJECT_VERSION = 1;
				GENERATE_INFOPLIST_FILE = YES;
				MARKETING_VERSION = 1.0;
				PRODUCT_BUNDLE_IDENTIFIER = "com.umc.Practice-7stUITests";
				PRODUCT_NAME = "$(TARGET_NAME)";
				SWIFT_EMIT_LOC_STRINGS = NO;
				SWIFT_VERSION = 5.0;
				TARGETED_DEVICE_FAMILY = "1,2";
				TEST_TARGET_NAME = Practice_7st;
			};
			name = Debug;
		};
		599845992CF4DF4E00620B44 /* Release */ = {
			isa = XCBuildConfiguration;
			buildSettings = {
				ALWAYS_EMBED_SWIFT_STANDARD_LIBRARIES = YES;
				CODE_SIGN_STYLE = Automatic;
				CURRENT_PROJECT_VERSION = 1;
				GENERATE_INFOPLIST_FILE = YES;
				MARKETING_VERSION = 1.0;
				PRODUCT_BUNDLE_IDENTIFIER = "com.umc.Practice-7stUITests";
				PRODUCT_NAME = "$(TARGET_NAME)";
				SWIFT_EMIT_LOC_STRINGS = NO;
				SWIFT_VERSION = 5.0;
				TARGETED_DEVICE_FAMILY = "1,2";
				TEST_TARGET_NAME = Practice_7st;
			};
			name = Release;
		};
/* End XCBuildConfiguration section */

/* Begin XCConfigurationList section */
		599845622CF4DF4B00620B44 /* Build configuration list for PBXProject "Practice_7st" */ = {
			isa = XCConfigurationList;
			buildConfigurations = (
				5998458F2CF4DF4E00620B44 /* Debug */,
				599845902CF4DF4E00620B44 /* Release */,
			);
			defaultConfigurationIsVisible = 0;
			defaultConfigurationName = Release;
		};
		599845912CF4DF4E00620B44 /* Build configuration list for PBXNativeTarget "Practice_7st" */ = {
			isa = XCConfigurationList;
			buildConfigurations = (
				599845922CF4DF4E00620B44 /* Debug */,
				599845932CF4DF4E00620B44 /* Release */,
			);
			defaultConfigurationIsVisible = 0;
			defaultConfigurationName = Release;
		};
		599845942CF4DF4E00620B44 /* Build configuration list for PBXNativeTarget "Practice_7stTests" */ = {
			isa = XCConfigurationList;
			buildConfigurations = (
				599845952CF4DF4E00620B44 /* Debug */,
				599845962CF4DF4E00620B44 /* Release */,
			);
			defaultConfigurationIsVisible = 0;
			defaultConfigurationName = Release;
		};
		599845972CF4DF4E00620B44 /* Build configuration list for PBXNativeTarget "Practice_7stUITests" */ = {
			isa = XCConfigurationList;
			buildConfigurations = (
				599845982CF4DF4E00620B44 /* Debug */,
				599845992CF4DF4E00620B44 /* Release */,
			);
			defaultConfigurationIsVisible = 0;
			defaultConfigurationName = Release;
		};
/* End XCConfigurationList section */
	};
	rootObject = 5998455F2CF4DF4B00620B44 /* Project object */;
}
